
Microsoft Visual Studio Solution File, Format Version 12.00
# Visual Studio 14
VisualStudioVersion = 14.0.25123.0
MinimumVisualStudioVersion = 10.0.40219.1
Project("{FAE04EC0-301F-11D3-BF4B-00C04F79EFBC}") = "MyContacts", "MyContacts\MyContacts.csproj", "{BCF577C1-9FAD-4EA8-86B5-F55A3279F26B}"
EndProject
Global
	GlobalSection(SolutionConfigurationPlatforms) = preSolution
		Debug|Any CPU = Debug|Any CPU
		Release|Any CPU = Release|Any CPU
	EndGlobalSection
	GlobalSection(ProjectConfigurationPlatforms) = postSolution
		{BCF577C1-9FAD-4EA8-86B5-F55A3279F26B}.Debug|Any CPU.ActiveCfg = Debug|Any CPU
		{BCF577C1-9FAD-4EA8-86B5-F55A3279F26B}.Debug|Any CPU.Build.0 = Debug|Any CPU
		{BCF577C1-9FAD-4EA8-86B5-F55A3279F26B}.Release|Any CPU.ActiveCfg = Release|Any CPU
		{BCF577C1-9FAD-4EA8-86B5-F55A3279F26B}.Release|Any CPU.Build.0 = Release|Any CPU
	EndGlobalSection
	GlobalSection(SolutionProperties) = preSolution
		HideSolutionNode = FALSE
	EndGlobalSection
EndGlobal
